
Microsoft Visual Studio Solution File, Format Version 12.00
# Visual Studio Version 16
VisualStudioVersion = 16.0.31729.503
MinimumVisualStudioVersion = 10.0.40219.1
Project("{FAE04EC0-301F-11D3-BF4B-00C04F79EFBC}") = "DifferentBasic", "DifferentBasic\DifferentBasic.csproj", "{CC111415-84C6-457E-B398-7226C5E5677F}"
EndProject
Project("{FAE04EC0-301F-11D3-BF4B-00C04F79EFBC}") = "DifferentBasic.UnitTests", "DifferentBasic.UnitTests\DifferentBasic.UnitTests.csproj", "{B88A3312-379A-4313-B9E5-42C5828AE458}"
EndProject
Global
	GlobalSection(SolutionConfigurationPlatforms) = preSolution
		Debug|Any CPU = Debug|Any CPU
		Release|Any CPU = Release|Any CPU
	EndGlobalSection
	GlobalSection(ProjectConfigurationPlatforms) = postSolution
		{CC111415-84C6-457E-B398-7226C5E5677F}.Debug|Any CPU.ActiveCfg = Debug|Any CPU
		{CC111415-84C6-457E-B398-7226C5E5677F}.Debug|Any CPU.Build.0 = Debug|Any CPU
		{CC111415-84C6-457E-B398-7226C5E5677F}.Release|Any CPU.ActiveCfg = Release|Any CPU
		{CC111415-84C6-457E-B398-7226C5E5677F}.Release|Any CPU.Build.0 = Release|Any CPU
		{B88A3312-379A-4313-B9E5-42C5828AE458}.Debug|Any CPU.ActiveCfg = Debug|Any CPU
		{B88A3312-379A-4313-B9E5-42C5828AE458}.Debug|Any CPU.Build.0 = Debug|Any CPU
		{B88A3312-379A-4313-B9E5-42C5828AE458}.Release|Any CPU.ActiveCfg = Release|Any CPU
		{B88A3312-379A-4313-B9E5-42C5828AE458}.Release|Any CPU.Build.0 = Release|Any CPU
	EndGlobalSection
	GlobalSection(SolutionProperties) = preSolution
		HideSolutionNode = FALSE
	EndGlobalSection
	GlobalSection(ExtensibilityGlobals) = postSolution
		SolutionGuid = {EF8BC531-3439-4D40-9861-17F30F744CD8}
	EndGlobalSection
EndGlobal
